{
  "name": "mudde-wasm",
  "version": "1.0.0",
  "lockfileVersion": 2,
  "requires": true,
  "packages": {
    "": {
      "name": "mudde-wasm",
      "version": "1.0.0",
      "license": "MIT",
      "dependencies": {
        "wasm-vips": "^0.0.1"
      }
    },
    "node_modules/wasm-vips": {
      "version": "0.0.1",
      "resolved": "https://registry.npmjs.org/wasm-vips/-/wasm-vips-0.0.1.tgz",
      "integrity": "sha512-w9UgDR55SoUN0NKlm8Szj6ss9A57FEt4cQb7RoqJbXOW/uV3sszMJJvzwJ3mOp4U57vwZ4pBbvMQPOdQENhr5g=="
    }
  },
  "dependencies": {
    "wasm-vips": {
      "version": "0.0.1",
      "resolved": "https://registry.npmjs.org/wasm-vips/-/wasm-vips-0.0.1.tgz",
      "integrity": "sha512-w9UgDR55SoUN0NKlm8Szj6ss9A57FEt4cQb7RoqJbXOW/uV3sszMJJvzwJ3mOp4U57vwZ4pBbvMQPOdQENhr5g=="
    }
  }
}
